
Microsoft Visual Studio Solution File, Format Version 12.00
# Visual Studio 15
VisualStudioVersion = 15.0.27130.2036
MinimumVisualStudioVersion = 10.0.40219.1
Project("{FAE04EC0-301F-11D3-BF4B-00C04F79EFBC}") = "TicTacToe_Game.Solution", "TicTacToe_Game.Solution.csproj", "{31EB2C23-8ADA-4821-B09D-F47742466487}"
EndProject
Global
	GlobalSection(SolutionConfigurationPlatforms) = preSolution
		Debug|Any CPU = Debug|Any CPU
		Release|Any CPU = Release|Any CPU
	EndGlobalSection
	GlobalSection(ProjectConfigurationPlatforms) = postSolution
		{31EB2C23-8ADA-4821-B09D-F47742466487}.Debug|Any CPU.ActiveCfg = Debug|Any CPU
		{31EB2C23-8ADA-4821-B09D-F47742466487}.Debug|Any CPU.Build.0 = Debug|Any CPU
		{31EB2C23-8ADA-4821-B09D-F47742466487}.Release|Any CPU.ActiveCfg = Release|Any CPU
		{31EB2C23-8ADA-4821-B09D-F47742466487}.Release|Any CPU.Build.0 = Release|Any CPU
	EndGlobalSection
	GlobalSection(SolutionProperties) = preSolution
		HideSolutionNode = FALSE
	EndGlobalSection
	GlobalSection(ExtensibilityGlobals) = postSolution
		SolutionGuid = {92584C2F-2AB8-4DED-981C-BA8551F96263}
	EndGlobalSection
EndGlobal
